{
  "name": "argon-react-native",
  "version": "1.2.0",
  "lockfileVersion": 1,
  "requires": true,
  "dependencies": {
    "galio-framework": {
      "version": "0.6.1",
      "resolved": "https://registry.npmjs.org/galio-framework/-/galio-framework-0.6.1.tgz",
      "integrity": "sha512-GKG87BuArQ8bNoO3nEj2arqu+xmKTLZWZSJBw2fU/w48aGp9jmBlr5DYoDdBbpfxvPYKUIwH9a4s26X2VuXO3w==",
      "requires": {
        "opencollective-postinstall": "^2.0.1"
      }
    },
    "opencollective-postinstall": {
      "version": "2.0.2",
      "resolved": "https://registry.npmjs.org/opencollective-postinstall/-/opencollective-postinstall-2.0.2.tgz",
      "integrity": "sha512-pVOEP16TrAO2/fjej1IdOyupJY8KDUM1CvsaScRbw6oddvpQoOfGk4ywha0HKKVAD6RkW4x6Q+tNBwhf3Bgpuw=="
    }
  }
}
